// !$*UTF8*$!
{
	archiveVersion = 1;
	classes = {
	};
	objectVersion = 50;
	objects = {

/* Begin PBXBuildFile section */
		019DD87421104BCD0012B162 /* AppDelegate.swift in Sources */ = {isa = PBXBuildFile; fileRef = 019DD87321104BCD0012B162 /* AppDelegate.swift */; };
		019DD87921104BCD0012B162 /* Main.storyboard in Resources */ = {isa = PBXBuildFile; fileRef = 019DD87721104BCD0012B162 /* Main.storyboard */; };
		019DD87B21104BD30012B162 /* Assets.xcassets in Resources */ = {isa = PBXBuildFile; fileRef = 019DD87A21104BD30012B162 /* Assets.xcassets */; };
		019DD87E21104BD30012B162 /* LaunchScreen.storyboard in Resources */ = {isa = PBXBuildFile; fileRef = 019DD87C21104BD30012B162 /* LaunchScreen.storyboard */; };
		019DD89C211055170012B162 /* APIPaths.swift in Sources */ = {isa = PBXBuildFile; fileRef = 019DD89B211055170012B162 /* APIPaths.swift */; };
		019DD89E2110562A0012B162 /* ServerHandler.swift in Sources */ = {isa = PBXBuildFile; fileRef = 019DD89D2110562A0012B162 /* ServerHandler.swift */; };
		019DD8A22110576C0012B162 /* ActivityIndicatorView.swift in Sources */ = {isa = PBXBuildFile; fileRef = 019DD8A12110576C0012B162 /* ActivityIndicatorView.swift */; };
		019DD8A4211058AC0012B162 /* AlertView.swift in Sources */ = {isa = PBXBuildFile; fileRef = 019DD8A3211058AC0012B162 /* AlertView.swift */; };
		019DD8A621105B630012B162 /* Messages.swift in Sources */ = {isa = PBXBuildFile; fileRef = 019DD8A521105B630012B162 /* Messages.swift */; };
		019DD8A8211064CA0012B162 /* AboutCountry.swift in Sources */ = {isa = PBXBuildFile; fileRef = 019DD8A7211064CA0012B162 /* AboutCountry.swift */; };
		019DD8AA211067D50012B162 /* AboutCountryViewController.swift in Sources */ = {isa = PBXBuildFile; fileRef = 019DD8A9211067D50012B162 /* AboutCountryViewController.swift */; };
		019DD8AD21106C490012B162 /* AboutCountryCollectionViewCell.swift in Sources */ = {isa = PBXBuildFile; fileRef = 019DD8AC21106C490012B162 /* AboutCountryCollectionViewCell.swift */; };
		019DD8AF21106D6A0012B162 /* AboutCountryViewModel.swift in Sources */ = {isa = PBXBuildFile; fileRef = 019DD8AE21106D6A0012B162 /* AboutCountryViewModel.swift */; };
		019DD8B4211099CA0012B162 /* UIImageView+Loading.swift in Sources */ = {isa = PBXBuildFile; fileRef = 019DD8B3211099CA0012B162 /* UIImageView+Loading.swift */; };
		019DD8B92110B2F20012B162 /* APITest.swift in Sources */ = {isa = PBXBuildFile; fileRef = 019DD8B82110B2F20012B162 /* APITest.swift */; };
		163E7E53F90DFDCE4F0E1CA3 /* Pods_DemoTestTests.framework in Frameworks */ = {isa = PBXBuildFile; fileRef = 7D1647400CB33A824D1B3C2F /* Pods_DemoTestTests.framework */; };
		BF29C1E0E7618A8DB3666CFA /* Pods_DemoTest.framework in Frameworks */ = {isa = PBXBuildFile; fileRef = 152822AFF24B979181457900 /* Pods_DemoTest.framework */; };
/* End PBXBuildFile section */

/* Begin PBXContainerItemProxy section */
		019DD88521104BD30012B162 /* PBXContainerItemProxy */ = {
			isa = PBXContainerItemProxy;
			containerPortal = 019DD86821104BCD0012B162 /* Project object */;
			proxyType = 1;
			remoteGlobalIDString = 019DD86F21104BCD0012B162;
			remoteInfo = DemoTest;
		};
/* End PBXContainerItemProxy section */

/* Begin PBXFileReference section */
		019DD87021104BCD0012B162 /* DemoTest.app */ = {isa = PBXFileReference; explicitFileType = wrapper.application; includeInIndex = 0; path = DemoTest.app; sourceTree = BUILT_PRODUCTS_DIR; };
		019DD87321104BCD0012B162 /* AppDelegate.swift */ = {isa = PBXFileReference; lastKnownFileType = sourcecode.swift; path = AppDelegate.swift; sourceTree = "<group>"; };
		019DD87821104BCD0012B162 /* Base */ = {isa = PBXFileReference; lastKnownFileType = file.storyboard; name = Base; path = Base.lproj/Main.storyboard; sourceTree = "<group>"; };
		019DD87A21104BD30012B162 /* Assets.xcassets */ = {isa = PBXFileReference; lastKnownFileType = folder.assetcatalog; path = Assets.xcassets; sourceTree = "<group>"; };
		019DD87D21104BD30012B162 /* Base */ = {isa = PBXFileReference; lastKnownFileType = file.storyboard; name = Base; path = Base.lproj/LaunchScreen.storyboard; sourceTree = "<group>"; };
		019DD87F21104BD30012B162 /* Info.plist */ = {isa = PBXFileReference; lastKnownFileType = text.plist.xml; path = Info.plist; sourceTree = "<group>"; };
		019DD88421104BD30012B162 /* DemoTestTests.xctest */ = {isa = PBXFileReference; explicitFileType = wrapper.cfbundle; includeInIndex = 0; path = DemoTestTests.xctest; sourceTree = BUILT_PRODUCTS_DIR; };
		019DD88A21104BD30012B162 /* Info.plist */ = {isa = PBXFileReference; lastKnownFileType = text.plist.xml; path = Info.plist; sourceTree = "<group>"; };
		019DD89B211055170012B162 /* APIPaths.swift */ = {isa = PBXFileReference; lastKnownFileType = sourcecode.swift; path = APIPaths.swift; sourceTree = "<group>"; };
		019DD89D2110562A0012B162 /* ServerHandler.swift */ = {isa = PBXFileReference; lastKnownFileType = sourcecode.swift; path = ServerHandler.swift; sourceTree = "<group>"; };
		019DD8A12110576C0012B162 /* ActivityIndicatorView.swift */ = {isa = PBXFileReference; lastKnownFileType = sourcecode.swift; path = ActivityIndicatorView.swift; sourceTree = "<group>"; };
		019DD8A3211058AC0012B162 /* AlertView.swift */ = {isa = PBXFileReference; lastKnownFileType = sourcecode.swift; path = AlertView.swift; sourceTree = "<group>"; };
		019DD8A521105B630012B162 /* Messages.swift */ = {isa = PBXFileReference; lastKnownFileType = sourcecode.swift; path = Messages.swift; sourceTree = "<group>"; };
		019DD8A7211064CA0012B162 /* AboutCountry.swift */ = {isa = PBXFileReference; lastKnownFileType = sourcecode.swift; path = AboutCountry.swift; sourceTree = "<group>"; };
		019DD8A9211067D50012B162 /* AboutCountryViewController.swift */ = {isa = PBXFileReference; lastKnownFileType = sourcecode.swift; path = AboutCountryViewController.swift; sourceTree = "<group>"; };
		019DD8AC21106C490012B162 /* AboutCountryCollectionViewCell.swift */ = {isa = PBXFileReference; lastKnownFileType = sourcecode.swift; path = AboutCountryCollectionViewCell.swift; sourceTree = "<group>"; };
		019DD8AE21106D6A0012B162 /* AboutCountryViewModel.swift */ = {isa = PBXFileReference; lastKnownFileType = sourcecode.swift; path = AboutCountryViewModel.swift; sourceTree = "<group>"; };
		019DD8B3211099CA0012B162 /* UIImageView+Loading.swift */ = {isa = PBXFileReference; lastKnownFileType = sourcecode.swift; path = "UIImageView+Loading.swift"; sourceTree = "<group>"; };
		019DD8B82110B2F20012B162 /* APITest.swift */ = {isa = PBXFileReference; lastKnownFileType = sourcecode.swift; path = APITest.swift; sourceTree = "<group>"; };
		14889A01D43F1C7CF89F994A /* Pods-DemoTest.release.xcconfig */ = {isa = PBXFileReference; includeInIndex = 1; lastKnownFileType = text.xcconfig; name = "Pods-DemoTest.release.xcconfig"; path = "Pods/Target Support Files/Pods-DemoTest/Pods-DemoTest.release.xcconfig"; sourceTree = "<group>"; };
		152822AFF24B979181457900 /* Pods_DemoTest.framework */ = {isa = PBXFileReference; explicitFileType = wrapper.framework; includeInIndex = 0; path = Pods_DemoTest.framework; sourceTree = BUILT_PRODUCTS_DIR; };
		6A6A6C7B304B08E60F549184 /* Pods-DemoTest.debug.xcconfig */ = {isa = PBXFileReference; includeInIndex = 1; lastKnownFileType = text.xcconfig; name = "Pods-DemoTest.debug.xcconfig"; path = "Pods/Target Support Files/Pods-DemoTest/Pods-DemoTest.debug.xcconfig"; sourceTree = "<group>"; };
		6D451222CC8667F0A6AAD259 /* Pods-DemoTestTests.release.xcconfig */ = {isa = PBXFileReference; includeInIndex = 1; lastKnownFileType = text.xcconfig; name = "Pods-DemoTestTests.release.xcconfig"; path = "Pods/Target Support Files/Pods-DemoTestTests/Pods-DemoTestTests.release.xcconfig"; sourceTree = "<group>"; };
		7D1647400CB33A824D1B3C2F /* Pods_DemoTestTests.framework */ = {isa = PBXFileReference; explicitFileType = wrapper.framework; includeInIndex = 0; path = Pods_DemoTestTests.framework; sourceTree = BUILT_PRODUCTS_DIR; };
		E096222467ACF74695C201A4 /* Pods-DemoTestTests.debug.xcconfig */ = {isa = PBXFileReference; includeInIndex = 1; lastKnownFileType = text.xcconfig; name = "Pods-DemoTestTests.debug.xcconfig"; path = "Pods/Target Support Files/Pods-DemoTestTests/Pods-DemoTestTests.debug.xcconfig"; sourceTree = "<group>"; };
/* End PBXFileReference section */

/* Begin PBXFrameworksBuildPhase section */
		019DD86D21104BCD0012B162 /* Frameworks */ = {
			isa = PBXFrameworksBuildPhase;
			buildActionMask = 2147483647;
			files = (
				BF29C1E0E7618A8DB3666CFA /* Pods_DemoTest.framework in Frameworks */,
			);
			runOnlyForDeploymentPostprocessing = 0;
		};
		019DD88121104BD30012B162 /* Frameworks */ = {
			isa = PBXFrameworksBuildPhase;
			buildActionMask = 2147483647;
			files = (
				163E7E53F90DFDCE4F0E1CA3 /* Pods_DemoTestTests.framework in Frameworks */,
			);
			runOnlyForDeploymentPostprocessing = 0;
		};
/* End PBXFrameworksBuildPhase section */

/* Begin PBXGroup section */
		019DD86721104BCD0012B162 = {
			isa = PBXGroup;
			children = (
				019DD87221104BCD0012B162 /* DemoTest */,
				019DD88721104BD30012B162 /* DemoTestTests */,
				019DD87121104BCD0012B162 /* Products */,
				77DCCBE432C56D595B185688 /* Pods */,
				3C62882C271C192FAAB7ABAD /* Frameworks */,
			);
			sourceTree = "<group>";
		};
		019DD87121104BCD0012B162 /* Products */ = {
			isa = PBXGroup;
			children = (
				019DD87021104BCD0012B162 /* DemoTest.app */,
				019DD88421104BD30012B162 /* DemoTestTests.xctest */,
			);
			name = Products;
			sourceTree = "<group>";
		};
		019DD87221104BCD0012B162 /* DemoTest */ = {
			isa = PBXGroup;
			children = (
				019DD8B2211099AF0012B162 /* CustomFiles */,
				019DD89F211056790012B162 /* SupportingFiles */,
				019DD8972110546A0012B162 /* ViewModels */,
				019DD896211053100012B162 /* Services */,
				019DD895211050090012B162 /* Controllers */,
				019DD89421104FEA0012B162 /* Views */,
				019DD89321104FDA0012B162 /* Models */,
				019DD87A21104BD30012B162 /* Assets.xcassets */,
				019DD87F21104BD30012B162 /* Info.plist */,
			);
			path = DemoTest;
			sourceTree = "<group>";
		};
		019DD88721104BD30012B162 /* DemoTestTests */ = {
			isa = PBXGroup;
			children = (
				019DD88A21104BD30012B162 /* Info.plist */,
				019DD8B82110B2F20012B162 /* APITest.swift */,
			);
			path = DemoTestTests;
			sourceTree = "<group>";
		};
		019DD89321104FDA0012B162 /* Models */ = {
			isa = PBXGroup;
			children = (
				019DD8A7211064CA0012B162 /* AboutCountry.swift */,
			);
			path = Models;
			sourceTree = "<group>";
		};
		019DD89421104FEA0012B162 /* Views */ = {
			isa = PBXGroup;
			children = (
				019DD8AB21106BD80012B162 /* CollectionView Cell */,
				019DD87721104BCD0012B162 /* Main.storyboard */,
				019DD87C21104BD30012B162 /* LaunchScreen.storyboard */,
			);
			path = Views;
			sourceTree = "<group>";
		};
		019DD895211050090012B162 /* Controllers */ = {
			isa = PBXGroup;
			children = (
				019DD87321104BCD0012B162 /* AppDelegate.swift */,
				019DD8A9211067D50012B162 /* AboutCountryViewController.swift */,
			);
			path = Controllers;
			sourceTree = "<group>";
		};
		019DD896211053100012B162 /* Services */ = {
			isa = PBXGroup;
			children = (
				019DD8982110549D0012B162 /* Base */,
			);
			path = Services;
			sourceTree = "<group>";
		};
		019DD8972110546A0012B162 /* ViewModels */ = {
			isa = PBXGroup;
			children = (
				019DD8AE21106D6A0012B162 /* AboutCountryViewModel.swift */,
			);
			path = ViewModels;
			sourceTree = "<group>";
		};
		019DD8982110549D0012B162 /* Base */ = {
			isa = PBXGroup;
			children = (
				019DD89B211055170012B162 /* APIPaths.swift */,
				019DD89D2110562A0012B162 /* ServerHandler.swift */,
			);
			path = Base;
			sourceTree = "<group>";
		};
		019DD89F211056790012B162 /* SupportingFiles */ = {
			isa = PBXGroup;
			children = (
				019DD8A0211056C50012B162 /* UtilityFiles */,
			);
			path = SupportingFiles;
			sourceTree = "<group>";
		};
		019DD8A0211056C50012B162 /* UtilityFiles */ = {
			isa = PBXGroup;
			children = (
				019DD8A12110576C0012B162 /* ActivityIndicatorView.swift */,
				019DD8A3211058AC0012B162 /* AlertView.swift */,
				019DD8A521105B630012B162 /* Messages.swift */,
			);
			path = UtilityFiles;
			sourceTree = "<group>";
		};
		019DD8AB21106BD80012B162 /* CollectionView Cell */ = {
			isa = PBXGroup;
			children = (
				019DD8AC21106C490012B162 /* AboutCountryCollectionViewCell.swift */,
			);
			path = "CollectionView Cell";
			sourceTree = "<group>";
		};
		019DD8B2211099AF0012B162 /* CustomFiles */ = {
			isa = PBXGroup;
			children = (
				019DD8B3211099CA0012B162 /* UIImageView+Loading.swift */,
			);
			path = CustomFiles;
			sourceTree = "<group>";
		};
		3C62882C271C192FAAB7ABAD /* Frameworks */ = {
			isa = PBXGroup;
			children = (
				152822AFF24B979181457900 /* Pods_DemoTest.framework */,
				7D1647400CB33A824D1B3C2F /* Pods_DemoTestTests.framework */,
			);
			name = Frameworks;
			sourceTree = "<group>";
		};
		77DCCBE432C56D595B185688 /* Pods */ = {
			isa = PBXGroup;
			children = (
				6A6A6C7B304B08E60F549184 /* Pods-DemoTest.debug.xcconfig */,
				14889A01D43F1C7CF89F994A /* Pods-DemoTest.release.xcconfig */,
				E096222467ACF74695C201A4 /* Pods-DemoTestTests.debug.xcconfig */,
				6D451222CC8667F0A6AAD259 /* Pods-DemoTestTests.release.xcconfig */,
			);
			name = Pods;
			sourceTree = "<group>";
		};
/* End PBXGroup section */

/* Begin PBXNativeTarget section */
		019DD86F21104BCD0012B162 /* DemoTest */ = {
			isa = PBXNativeTarget;
			buildConfigurationList = 019DD88D21104BD30012B162 /* Build configuration list for PBXNativeTarget "DemoTest" */;
			buildPhases = (
				2422955A3245B9679B3019CA /* [CP] Check Pods Manifest.lock */,
				019DD86C21104BCD0012B162 /* Sources */,
				019DD86D21104BCD0012B162 /* Frameworks */,
				019DD86E21104BCD0012B162 /* Resources */,
				52C125D455FD11F684B95956 /* [CP] Embed Pods Frameworks */,
			);
			buildRules = (
			);
			dependencies = (
			);
			name = DemoTest;
			productName = DemoTest;
			productReference = 019DD87021104BCD0012B162 /* DemoTest.app */;
			productType = "com.apple.product-type.application";
		};
		019DD88321104BD30012B162 /* DemoTestTests */ = {
			isa = PBXNativeTarget;
			buildConfigurationList = 019DD89021104BD30012B162 /* Build configuration list for PBXNativeTarget "DemoTestTests" */;
			buildPhases = (
				6C6670F88D02573DD036F09F /* [CP] Check Pods Manifest.lock */,
				019DD88021104BD30012B162 /* Sources */,
				019DD88121104BD30012B162 /* Frameworks */,
				019DD88221104BD30012B162 /* Resources */,
			);
			buildRules = (
			);
			dependencies = (
				019DD88621104BD30012B162 /* PBXTargetDependency */,
			);
			name = DemoTestTests;
			productName = DemoTestTests;
			productReference = 019DD88421104BD30012B162 /* DemoTestTests.xctest */;
			productType = "com.apple.product-type.bundle.unit-test";
		};
/* End PBXNativeTarget section */

/* Begin PBXProject section */
		019DD86821104BCD0012B162 /* Project object */ = {
			isa = PBXProject;
			attributes = {
				LastSwiftUpdateCheck = 0930;
				LastUpgradeCheck = 0930;
				ORGANIZATIONNAME = "Roshan Mishra";
				TargetAttributes = {
					019DD86F21104BCD0012B162 = {
						CreatedOnToolsVersion = 9.3;
					};
					019DD88321104BD30012B162 = {
						CreatedOnToolsVersion = 9.3;
						TestTargetID = 019DD86F21104BCD0012B162;
					};
				};
			};
			buildConfigurationList = 019DD86B21104BCD0012B162 /* Build configuration list for PBXProject "DemoTest" */;
			compatibilityVersion = "Xcode 9.3";
			developmentRegion = en;
			hasScannedForEncodings = 0;
			knownRegions = (
				en,
				Base,
			);
			mainGroup = 019DD86721104BCD0012B162;
			productRefGroup = 019DD87121104BCD0012B162 /* Products */;
			projectDirPath = "";
			projectRoot = "";
			targets = (
				019DD86F21104BCD0012B162 /* DemoTest */,
				019DD88321104BD30012B162 /* DemoTestTests */,
			);
		};
/* End PBXProject section */

/* Begin PBXResourcesBuildPhase section */
		019DD86E21104BCD0012B162 /* Resources */ = {
			isa = PBXResourcesBuildPhase;
			buildActionMask = 2147483647;
			files = (
				019DD87E21104BD30012B162 /* LaunchScreen.storyboard in Resources */,
				019DD87B21104BD30012B162 /* Assets.xcassets in Resources */,
				019DD87921104BCD0012B162 /* Main.storyboard in Resources */,
			);
			runOnlyForDeploymentPostprocessing = 0;
		};
		019DD88221104BD30012B162 /* Resources */ = {
			isa = PBXResourcesBuildPhase;
			buildActionMask = 2147483647;
			files = (
			);
			runOnlyForDeploymentPostprocessing = 0;
		};
/* End PBXResourcesBuildPhase section */

/* Begin PBXShellScriptBuildPhase section */
		2422955A3245B9679B3019CA /* [CP] Check Pods Manifest.lock */ = {
			isa = PBXShellScriptBuildPhase;
			buildActionMask = 2147483647;
			files = (
			);
			inputPaths = (
				"${PODS_PODFILE_DIR_PATH}/Podfile.lock",
				"${PODS_ROOT}/Manifest.lock",
			);
			name = "[CP] Check Pods Manifest.lock";
			outputPaths = (
				"$(DERIVED_FILE_DIR)/Pods-DemoTest-checkManifestLockResult.txt",
			);
			runOnlyForDeploymentPostprocessing = 0;
			shellPath = /bin/sh;
			shellScript = "diff \"${PODS_PODFILE_DIR_PATH}/Podfile.lock\" \"${PODS_ROOT}/Manifest.lock\" > /dev/null\nif [ $? != 0 ] ; then\n    # print error to STDERR\n    echo \"error: The sandbox is not in sync with the Podfile.lock. Run 'pod install' or update your CocoaPods installation.\" >&2\n    exit 1\nfi\n# This output is used by Xcode 'outputs' to avoid re-running this script phase.\necho \"SUCCESS\" > \"${SCRIPT_OUTPUT_FILE_0}\"\n";
			showEnvVarsInLog = 0;
		};
		52C125D455FD11F684B95956 /* [CP] Embed Pods Frameworks */ = {
			isa = PBXShellScriptBuildPhase;
			buildActionMask = 2147483647;
			files = (
			);
			inputPaths = (
				"${SRCROOT}/Pods/Target Support Files/Pods-DemoTest/Pods-DemoTest-frameworks.sh",
				"${BUILT_PRODUCTS_DIR}/Alamofire/Alamofire.framework",
				"${BUILT_PRODUCTS_DIR}/RappleProgressHUD/RappleProgressHUD.framework",
				"${BUILT_PRODUCTS_DIR}/SDWebImage/SDWebImage.framework",
			);
			name = "[CP] Embed Pods Frameworks";
			outputPaths = (
				"${TARGET_BUILD_DIR}/${FRAMEWORKS_FOLDER_PATH}/Alamofire.framework",
				"${TARGET_BUILD_DIR}/${FRAMEWORKS_FOLDER_PATH}/RappleProgressHUD.framework",
				"${TARGET_BUILD_DIR}/${FRAMEWORKS_FOLDER_PATH}/SDWebImage.framework",
			);
			runOnlyForDeploymentPostprocessing = 0;
			shellPath = /bin/sh;
			shellScript = "\"${SRCROOT}/Pods/Target Support Files/Pods-DemoTest/Pods-DemoTest-frameworks.sh\"\n";
			showEnvVarsInLog = 0;
		};
		6C6670F88D02573DD036F09F /* [CP] Check Pods Manifest.lock */ = {
			isa = PBXShellScriptBuildPhase;
			buildActionMask = 2147483647;
			files = (
			);
			inputPaths = (
				"${PODS_PODFILE_DIR_PATH}/Podfile.lock",
				"${PODS_ROOT}/Manifest.lock",
			);
			name = "[CP] Check Pods Manifest.lock";
			outputPaths = (
				"$(DERIVED_FILE_DIR)/Pods-DemoTestTests-checkManifestLockResult.txt",
			);
			runOnlyForDeploymentPostprocessing = 0;
			shellPath = /bin/sh;
			shellScript = "diff \"${PODS_PODFILE_DIR_PATH}/Podfile.lock\" \"${PODS_ROOT}/Manifest.lock\" > /dev/null\nif [ $? != 0 ] ; then\n    # print error to STDERR\n    echo \"error: The sandbox is not in sync with the Podfile.lock. Run 'pod install' or update your CocoaPods installation.\" >&2\n    exit 1\nfi\n# This output is used by Xcode 'outputs' to avoid re-running this script phase.\necho \"SUCCESS\" > \"${SCRIPT_OUTPUT_FILE_0}\"\n";
			showEnvVarsInLog = 0;
		};
/* End PBXShellScriptBuildPhase section */

/* Begin PBXSourcesBuildPhase section */
		019DD86C21104BCD0012B162 /* Sources */ = {
			isa = PBXSourcesBuildPhase;
			buildActionMask = 2147483647;
			files = (
				019DD8A22110576C0012B162 /* ActivityIndicatorView.swift in Sources */,
				019DD8AF21106D6A0012B162 /* AboutCountryViewModel.swift in Sources */,
				019DD87421104BCD0012B162 /* AppDelegate.swift in Sources */,
				019DD8AA211067D50012B162 /* AboutCountryViewController.swift in Sources */,
				019DD8A621105B630012B162 /* Messages.swift in Sources */,
				019DD8B4211099CA0012B162 /* UIImageView+Loading.swift in Sources */,
				019DD89C211055170012B162 /* APIPaths.swift in Sources */,
				019DD8AD21106C490012B162 /* AboutCountryCollectionViewCell.swift in Sources */,
				019DD89E2110562A0012B162 /* ServerHandler.swift in Sources */,
				019DD8A4211058AC0012B162 /* AlertView.swift in Sources */,
				019DD8A8211064CA0012B162 /* AboutCountry.swift in Sources */,
			);
			runOnlyForDeploymentPostprocessing = 0;
		};
		019DD88021104BD30012B162 /* Sources */ = {
			isa = PBXSourcesBuildPhase;
			buildActionMask = 2147483647;
			files = (
				019DD8B92110B2F20012B162 /* APITest.swift in Sources */,
			);
			runOnlyForDeploymentPostprocessing = 0;
		};
/* End PBXSourcesBuildPhase section */

/* Begin PBXTargetDependency section */
		019DD88621104BD30012B162 /* PBXTargetDependency */ = {
			isa = PBXTargetDependency;
			target = 019DD86F21104BCD0012B162 /* DemoTest */;
			targetProxy = 019DD88521104BD30012B162 /* PBXContainerItemProxy */;
		};
/* End PBXTargetDependency section */

/* Begin PBXVariantGroup section */
		019DD87721104BCD0012B162 /* Main.storyboard */ = {
			isa = PBXVariantGroup;
			children = (
				019DD87821104BCD0012B162 /* Base */,
			);
			name = Main.storyboard;
			sourceTree = "<group>";
		};
		019DD87C21104BD30012B162 /* LaunchScreen.storyboard */ = {
			isa = PBXVariantGroup;
			children = (
				019DD87D21104BD30012B162 /* Base */,
			);
			name = LaunchScreen.storyboard;
			sourceTree = "<group>";
		};
/* End PBXVariantGroup section */

/* Begin XCBuildConfiguration section */
		019DD88B21104BD30012B162 /* Debug */ = {
			isa = XCBuildConfiguration;
			buildSettings = {
				ALWAYS_SEARCH_USER_PATHS = NO;
				CLANG_ANALYZER_NONNULL = YES;
				CLANG_ANALYZER_NUMBER_OBJECT_CONVERSION = YES_AGGRESSIVE;
				CLANG_CXX_LANGUAGE_STANDARD = "gnu++14";
				CLANG_CXX_LIBRARY = "libc++";
				CLANG_ENABLE_MODULES = YES;
				CLANG_ENABLE_OBJC_ARC = YES;
				CLANG_ENABLE_OBJC_WEAK = YES;
				CLANG_WARN_BLOCK_CAPTURE_AUTORELEASING = YES;
				CLANG_WARN_BOOL_CONVERSION = YES;
				CLANG_WARN_COMMA = YES;
				CLANG_WARN_CONSTANT_CONVERSION = YES;
				CLANG_WARN_DEPRECATED_OBJC_IMPLEMENTATIONS = YES;
				CLANG_WARN_DIRECT_OBJC_ISA_USAGE = YES_ERROR;
				CLANG_WARN_DOCUMENTATION_COMMENTS = YES;
				CLANG_WARN_EMPTY_BODY = YES;
				CLANG_WARN_ENUM_CONVERSION = YES;
				CLANG_WARN_INFINITE_RECURSION = YES;
				CLANG_WARN_INT_CONVERSION = YES;
				CLANG_WARN_NON_LITERAL_NULL_CONVERSION = YES;
				CLANG_WARN_OBJC_IMPLICIT_RETAIN_SELF = YES;
				CLANG_WARN_OBJC_LITERAL_CONVERSION = YES;
				CLANG_WARN_OBJC_ROOT_CLASS = YES_ERROR;
				CLANG_WARN_RANGE_LOOP_ANALYSIS = YES;
				CLANG_WARN_STRICT_PROTOTYPES = YES;
				CLANG_WARN_SUSPICIOUS_MOVE = YES;
				CLANG_WARN_UNGUARDED_AVAILABILITY = YES_AGGRESSIVE;
				CLANG_WARN_UNREACHABLE_CODE = YES;
				CLANG_WARN__DUPLICATE_METHOD_MATCH = YES;
				CODE_SIGN_IDENTITY = "iPhone Developer";
				COPY_PHASE_STRIP = NO;
				DEBUG_INFORMATION_FORMAT = dwarf;
				ENABLE_STRICT_OBJC_MSGSEND = YES;
				ENABLE_TESTABILITY = YES;
				GCC_C_LANGUAGE_STANDARD = gnu11;
				GCC_DYNAMIC_NO_PIC = NO;
				GCC_NO_COMMON_BLOCKS = YES;
				GCC_OPTIMIZATION_LEVEL = 0;
				GCC_PREPROCESSOR_DEFINITIONS = (
					"DEBUG=1",
					"$(inherited)",
				);
				GCC_WARN_64_TO_32_BIT_CONVERSION = YES;
				GCC_WARN_ABOUT_RETURN_TYPE = YES_ERROR;
				GCC_WARN_UNDECLARED_SELECTOR = YES;
				GCC_WARN_UNINITIALIZED_AUTOS = YES_AGGRESSIVE;
				GCC_WARN_UNUSED_FUNCTION = YES;
				GCC_WARN_UNUSED_VARIABLE = YES;
				IPHONEOS_DEPLOYMENT_TARGET = 11.3;
				MTL_ENABLE_DEBUG_INFO = YES;
				ONLY_ACTIVE_ARCH = YES;
				SDKROOT = iphoneos;
				SWIFT_ACTIVE_COMPILATION_CONDITIONS = DEBUG;
				SWIFT_OPTIMIZATION_LEVEL = "-Onone";
			};
			name = Debug;
		};
		019DD88C21104BD30012B162 /* Release */ = {
			isa = XCBuildConfiguration;
			buildSettings = {
				ALWAYS_SEARCH_USER_PATHS = NO;
				CLANG_ANALYZER_NONNULL = YES;
				CLANG_ANALYZER_NUMBER_OBJECT_CONVERSION = YES_AGGRESSIVE;
				CLANG_CXX_LANGUAGE_STANDARD = "gnu++14";
				CLANG_CXX_LIBRARY = "libc++";
				CLANG_ENABLE_MODULES = YES;
				CLANG_ENABLE_OBJC_ARC = YES;
				CLANG_ENABLE_OBJC_WEAK = YES;
				CLANG_WARN_BLOCK_CAPTURE_AUTORELEASING = YES;
				CLANG_WARN_BOOL_CONVERSION = YES;
				CLANG_WARN_COMMA = YES;
				CLANG_WARN_CONSTANT_CONVERSION = YES;
				CLANG_WARN_DEPRECATED_OBJC_IMPLEMENTATIONS = YES;
				CLANG_WARN_DIRECT_OBJC_ISA_USAGE = YES_ERROR;
				CLANG_WARN_DOCUMENTATION_COMMENTS = YES;
				CLANG_WARN_EMPTY_BODY = YES;
				CLANG_WARN_ENUM_CONVERSION = YES;
				CLANG_WARN_INFINITE_RECURSION = YES;
				CLANG_WARN_INT_CONVERSION = YES;
				CLANG_WARN_NON_LITERAL_NULL_CONVERSION = YES;
				CLANG_WARN_OBJC_IMPLICIT_RETAIN_SELF = YES;
				CLANG_WARN_OBJC_LITERAL_CONVERSION = YES;
				CLANG_WARN_OBJC_ROOT_CLASS = YES_ERROR;
				CLANG_WARN_RANGE_LOOP_ANALYSIS = YES;
				CLANG_WARN_STRICT_PROTOTYPES = YES;
				CLANG_WARN_SUSPICIOUS_MOVE = YES;
				CLANG_WARN_UNGUARDED_AVAILABILITY = YES_AGGRESSIVE;
				CLANG_WARN_UNREACHABLE_CODE = YES;
				CLANG_WARN__DUPLICATE_METHOD_MATCH = YES;
				CODE_SIGN_IDENTITY = "iPhone Developer";
				COPY_PHASE_STRIP = NO;
				DEBUG_INFORMATION_FORMAT = "dwarf-with-dsym";
				ENABLE_NS_ASSERTIONS = NO;
				ENABLE_STRICT_OBJC_MSGSEND = YES;
				GCC_C_LANGUAGE_STANDARD = gnu11;
				GCC_NO_COMMON_BLOCKS = YES;
				GCC_WARN_64_TO_32_BIT_CONVERSION = YES;
				GCC_WARN_ABOUT_RETURN_TYPE = YES_ERROR;
				GCC_WARN_UNDECLARED_SELECTOR = YES;
				GCC_WARN_UNINITIALIZED_AUTOS = YES_AGGRESSIVE;
				GCC_WARN_UNUSED_FUNCTION = YES;
				GCC_WARN_UNUSED_VARIABLE = YES;
				IPHONEOS_DEPLOYMENT_TARGET = 11.3;
				MTL_ENABLE_DEBUG_INFO = NO;
				SDKROOT = iphoneos;
				SWIFT_COMPILATION_MODE = wholemodule;
				SWIFT_OPTIMIZATION_LEVEL = "-O";
				VALIDATE_PRODUCT = YES;
			};
			name = Release;
		};
		019DD88E21104BD30012B162 /* Debug */ = {
			isa = XCBuildConfiguration;
			baseConfigurationReference = 6A6A6C7B304B08E60F549184 /* Pods-DemoTest.debug.xcconfig */;
			buildSettings = {
				ASSETCATALOG_COMPILER_APPICON_NAME = AppIcon;
				CODE_SIGN_STYLE = Manual;
				DEVELOPMENT_TEAM = 7986UXK74B;
				INFOPLIST_FILE = DemoTest/Info.plist;
				IPHONEOS_DEPLOYMENT_TARGET = 10.0;
				LD_RUNPATH_SEARCH_PATHS = (
					"$(inherited)",
					"@executable_path/Frameworks",
				);
				PRODUCT_BUNDLE_IDENTIFIER = com.ve.Rymindr;
				PRODUCT_NAME = "$(TARGET_NAME)";
				PROVISIONING_PROFILE = "0faa127a-249e-436d-8ee1-8a9da1945776";
				PROVISIONING_PROFILE_SPECIFIER = RymindrDevlopment;
				SWIFT_VERSION = 4.0;
				TARGETED_DEVICE_FAMILY = "1,2";
			};
			name = Debug;
		};
		019DD88F21104BD30012B162 /* Release */ = {
			isa = XCBuildConfiguration;
			baseConfigurationReference = 14889A01D43F1C7CF89F994A /* Pods-DemoTest.release.xcconfig */;
			buildSettings = {
				ASSETCATALOG_COMPILER_APPICON_NAME = AppIcon;
				CODE_SIGN_STYLE = Manual;
				DEVELOPMENT_TEAM = 7986UXK74B;
				INFOPLIST_FILE = DemoTest/Info.plist;
				IPHONEOS_DEPLOYMENT_TARGET = 10.0;
				LD_RUNPATH_SEARCH_PATHS = (
					"$(inherited)",
					"@executable_path/Frameworks",
				);
				PRODUCT_BUNDLE_IDENTIFIER = com.ve.Rymindr;
				PRODUCT_NAME = "$(TARGET_NAME)";
				PROVISIONING_PROFILE = "0faa127a-249e-436d-8ee1-8a9da1945776";
				PROVISIONING_PROFILE_SPECIFIER = RymindrDevlopment;
				SWIFT_VERSION = 4.0;
				TARGETED_DEVICE_FAMILY = "1,2";
			};
			name = Release;
		};
		019DD89121104BD30012B162 /* Debug */ = {
			isa = XCBuildConfiguration;
			baseConfigurationReference = E096222467ACF74695C201A4 /* Pods-DemoTestTests.debug.xcconfig */;
			buildSettings = {
				ALWAYS_EMBED_SWIFT_STANDARD_LIBRARIES = YES;
				BUNDLE_LOADER = "$(TEST_HOST)";
				CODE_SIGN_STYLE = Automatic;
				INFOPLIST_FILE = DemoTestTests/Info.plist;
				LD_RUNPATH_SEARCH_PATHS = (
					"$(inherited)",
					"@executable_path/Frameworks",
					"@loader_path/Frameworks",
				);
				PRODUCT_BUNDLE_IDENTIFIER = "Roshan-Mishra.DemoTestTests";
				PRODUCT_NAME = "$(TARGET_NAME)";
				SWIFT_VERSION = 4.0;
				TARGETED_DEVICE_FAMILY = "1,2";
				TEST_HOST = "$(BUILT_PRODUCTS_DIR)/DemoTest.app/DemoTest";
			};
			name = Debug;
		};
		019DD89221104BD30012B162 /* Release */ = {
			isa = XCBuildConfiguration;
			baseConfigurationReference = 6D451222CC8667F0A6AAD259 /* Pods-DemoTestTests.release.xcconfig */;
			buildSettings = {
				ALWAYS_EMBED_SWIFT_STANDARD_LIBRARIES = YES;
				BUNDLE_LOADER = "$(TEST_HOST)";
				CODE_SIGN_STYLE = Automatic;
				INFOPLIST_FILE = DemoTestTests/Info.plist;
				LD_RUNPATH_SEARCH_PATHS = (
					"$(inherited)",
					"@executable_path/Frameworks",
					"@loader_path/Frameworks",
				);
				PRODUCT_BUNDLE_IDENTIFIER = "Roshan-Mishra.DemoTestTests";
				PRODUCT_NAME = "$(TARGET_NAME)";
				SWIFT_VERSION = 4.0;
				TARGETED_DEVICE_FAMILY = "1,2";
				TEST_HOST = "$(BUILT_PRODUCTS_DIR)/DemoTest.app/DemoTest";
			};
			name = Release;
		};
/* End XCBuildConfiguration section */

/* Begin XCConfigurationList section */
		019DD86B21104BCD0012B162 /* Build configuration list for PBXProject "DemoTest" */ = {
			isa = XCConfigurationList;
			buildConfigurations = (
				019DD88B21104BD30012B162 /* Debug */,
				019DD88C21104BD30012B162 /* Release */,
			);
			defaultConfigurationIsVisible = 0;
			defaultConfigurationName = Release;
		};
		019DD88D21104BD30012B162 /* Build configuration list for PBXNativeTarget "DemoTest" */ = {
			isa = XCConfigurationList;
			buildConfigurations = (
				019DD88E21104BD30012B162 /* Debug */,
				019DD88F21104BD30012B162 /* Release */,
			);
			defaultConfigurationIsVisible = 0;
			defaultConfigurationName = Release;
		};
		019DD89021104BD30012B162 /* Build configuration list for PBXNativeTarget "DemoTestTests" */ = {
			isa = XCConfigurationList;
			buildConfigurations = (
				019DD89121104BD30012B162 /* Debug */,
				019DD89221104BD30012B162 /* Release */,
			);
			defaultConfigurationIsVisible = 0;
			defaultConfigurationName = Release;
		};
/* End XCConfigurationList section */
	};
	rootObject = 019DD86821104BCD0012B162 /* Project object */;
}
